<?xml version="1.0" encoding="UTF-8"?>
<!DOCTYPE plist PUBLIC "-//Apple//DTD PLIST 1.0//EN" "http://www.apple.com/DTDs/PropertyList-1.0.dtd">
<plist version="1.0">
<dict>
	<key>archiveVersion</key>
	<string>1</string>
	<key>classes</key>
	<dict/>
	<key>objectVersion</key>
	<string>46</string>
	<key>objects</key>
	<dict>
		<key>059FCA74E5E255D4F6286D06</key>
		<dict>
			<key>buildActionMask</key>
			<string>2147483647</string>
			<key>files</key>
			<array/>
			<key>inputPaths</key>
			<array/>
			<key>isa</key>
			<string>PBXShellScriptBuildPhase</string>
			<key>name</key>
			<string>Copy Pods Resources</string>
			<key>outputPaths</key>
			<array/>
			<key>runOnlyForDeploymentPostprocessing</key>
			<string>0</string>
			<key>shellPath</key>
			<string>/bin/sh</string>
			<key>shellScript</key>
			<string>"${SRCROOT}/Pods/Target Support Files/Pods/Pods-resources.sh"
</string>
			<key>showEnvVarsInLog</key>
			<string>0</string>
		</dict>
		<key>4CDABC6611B6F6BBBCD2D6DB</key>
		<dict>
			<key>explicitFileType</key>
			<string>archive.ar</string>
			<key>includeInIndex</key>
			<string>0</string>
			<key>isa</key>
			<string>PBXFileReference</string>
			<key>path</key>
			<string>libPods.a</string>
			<key>sourceTree</key>
			<string>BUILT_PRODUCTS_DIR</string>
		</dict>
		<key>5A7BF9F5B9F820FBBDCDEEE7</key>
		<dict>
			<key>includeInIndex</key>
			<string>1</string>
			<key>isa</key>
			<string>PBXFileReference</string>
			<key>lastKnownFileType</key>
			<string>text.xcconfig</string>
			<key>name</key>
			<string>Pods.release.xcconfig</string>
			<key>path</key>
			<string>Pods/Target Support Files/Pods/Pods.release.xcconfig</string>
			<key>sourceTree</key>
			<string>&lt;group&gt;</string>
		</dict>
		<key>6D0184C21AAB8258004045AB</key>
		<dict>
			<key>children</key>
			<array>
				<string>6D0184CD1AAB8258004045AB</string>
				<string>6D0185181AAB8258004045AB</string>
				<string>6D0184CC1AAB8258004045AB</string>
				<string>D6E769C01121743B50035214</string>
				<string>A0A0BC98EA3E21B21021E775</string>
			</array>
			<key>isa</key>
			<string>PBXGroup</string>
			<key>sourceTree</key>
			<string>&lt;group&gt;</string>
		</dict>
		<key>6D0184C31AAB8258004045AB</key>
		<dict>
			<key>attributes</key>
			<dict>
				<key>LastUpgradeCheck</key>
				<string>0610</string>
				<key>ORGANIZATIONNAME</key>
				<string>Adam Tindale</string>
				<key>TargetAttributes</key>
				<dict>
					<key>6D0184CA1AAB8258004045AB</key>
					<dict>
						<key>CreatedOnToolsVersion</key>
						<string>6.1.1</string>
					</dict>
					<key>6D0185141AAB8258004045AB</key>
					<dict>
						<key>CreatedOnToolsVersion</key>
						<string>6.1.1</string>
						<key>TestTargetID</key>
						<string>6D0184CA1AAB8258004045AB</string>
					</dict>
				</dict>
			</dict>
			<key>buildConfigurationList</key>
			<string>6D0184C61AAB8258004045AB</string>
			<key>compatibilityVersion</key>
			<string>Xcode 3.2</string>
			<key>developmentRegion</key>
			<string>English</string>
			<key>hasScannedForEncodings</key>
			<string>0</string>
			<key>isa</key>
			<string>PBXProject</string>
			<key>knownRegions</key>
			<array>
				<string>en</string>
				<string>Base</string>
			</array>
			<key>mainGroup</key>
			<string>6D0184C21AAB8258004045AB</string>
			<key>productRefGroup</key>
			<string>6D0184CC1AAB8258004045AB</string>
			<key>projectDirPath</key>
			<string></string>
			<key>projectReferences</key>
			<array/>
			<key>projectRoot</key>
			<string></string>
			<key>targets</key>
			<array>
				<string>6D0184CA1AAB8258004045AB</string>
				<string>6D0185141AAB8258004045AB</string>
			</array>
		</dict>
		<key>6D0184C61AAB8258004045AB</key>
		<dict>
			<key>buildConfigurations</key>
			<array>
				<string>6D01851D1AAB8258004045AB</string>
				<string>6D01851E1AAB8258004045AB</string>
			</array>
			<key>defaultConfigurationIsVisible</key>
			<string>0</string>
			<key>defaultConfigurationName</key>
			<string>Release</string>
			<key>isa</key>
			<string>XCConfigurationList</string>
		</dict>
		<key>6D0184C71AAB8258004045AB</key>
		<dict>
			<key>buildActionMask</key>
			<string>2147483647</string>
			<key>files</key>
			<array>
				<string>6D0184D11AAB8258004045AB</string>
				<string>6D0185061AAB8258004045AB</string>
				<string>6D0184FD1AAB8258004045AB</string>
			</array>
			<key>isa</key>
			<string>PBXSourcesBuildPhase</string>
			<key>runOnlyForDeploymentPostprocessing</key>
			<string>0</string>
		</dict>
		<key>6D0184C81AAB8258004045AB</key>
		<dict>
			<key>buildActionMask</key>
			<string>2147483647</string>
			<key>files</key>
			<array>
				<string>6D0185031AAB8258004045AB</string>
				<string>77370BEA49887EEA26CF01A3</string>
			</array>
			<key>isa</key>
			<string>PBXFrameworksBuildPhase</string>
			<key>runOnlyForDeploymentPostprocessing</key>
			<string>0</string>
		</dict>
		<key>6D0184C91AAB8258004045AB</key>
		<dict>
			<key>buildActionMask</key>
			<string>2147483647</string>
			<key>files</key>
			<array>
				<string>6D0185261AAB890D004045AB</string>
				<string>6D0185011AAB8258004045AB</string>
				<string>6D01850B1AAB8258004045AB</string>
				<string>6D0184D41AAB8258004045AB</string>
				<string>6D0185101AAB8258004045AB</string>
				<string>6D0184FF1AAB8258004045AB</string>
				<string>6D0185091AAB8258004045AB</string>
				<string>6D01850D1AAB8258004045AB</string>
			</array>
			<key>isa</key>
			<string>PBXResourcesBuildPhase</string>
			<key>runOnlyForDeploymentPostprocessing</key>
			<string>0</string>
		</dict>
		<key>6D0184CA1AAB8258004045AB</key>
		<dict>
			<key>buildConfigurationList</key>
			<string>6D01851F1AAB8258004045AB</string>
			<key>buildPhases</key>
			<array>
				<string>C54FA18DA115A77F493CC2B5</string>
				<string>6D0184C71AAB8258004045AB</string>
				<string>6D0184C81AAB8258004045AB</string>
				<string>6D0184C91AAB8258004045AB</string>
				<string>059FCA74E5E255D4F6286D06</string>
			</array>
			<key>buildRules</key>
			<array/>
			<key>dependencies</key>
			<array/>
			<key>isa</key>
			<string>PBXNativeTarget</string>
			<key>name</key>
			<string>PowerBean</string>
			<key>productName</key>
			<string>PowerBean</string>
			<key>productReference</key>
			<string>6D0184CB1AAB8258004045AB</string>
			<key>productType</key>
			<string>com.apple.product-type.application</string>
		</dict>
		<key>6D0184CB1AAB8258004045AB</key>
		<dict>
			<key>explicitFileType</key>
			<string>wrapper.application</string>
			<key>includeInIndex</key>
			<string>0</string>
			<key>isa</key>
			<string>PBXFileReference</string>
			<key>path</key>
			<string>PowerBean.app</string>
			<key>sourceTree</key>
			<string>BUILT_PRODUCTS_DIR</string>
		</dict>
		<key>6D0184CC1AAB8258004045AB</key>
		<dict>
			<key>children</key>
			<array>
				<string>6D0184CB1AAB8258004045AB</string>
				<string>6D0185151AAB8258004045AB</string>
			</array>
			<key>isa</key>
			<string>PBXGroup</string>
			<key>name</key>
			<string>Products</string>
			<key>sourceTree</key>
			<string>&lt;group&gt;</string>
		</dict>
		<key>6D0184CD1AAB8258004045AB</key>
		<dict>
			<key>children</key>
			<array>
				<string>6D0185251AAB890D004045AB</string>
				<string>6D0185041AAB8258004045AB</string>
				<string>6D0185051AAB8258004045AB</string>
				<string>6D0185071AAB8258004045AB</string>
				<string>6D0184D21AAB8258004045AB</string>
				<string>6D0184D51AAB8258004045AB</string>
				<string>6D0184CE1AAB8258004045AB</string>
			</array>
			<key>isa</key>
			<string>PBXGroup</string>
			<key>path</key>
			<string>PowerBean</string>
			<key>sourceTree</key>
			<string>&lt;group&gt;</string>
		</dict>
		<key>6D0184CE1AAB8258004045AB</key>
		<dict>
			<key>children</key>
			<array>
				<string>6D0184CF1AAB8258004045AB</string>
				<string>6D0184D01AAB8258004045AB</string>
				<string>6D0184D91AAB8258004045AB</string>
				<string>6D0184FC1AAB8258004045AB</string>
				<string>6D01850C1AAB8258004045AB</string>
				<string>6D01850E1AAB8258004045AB</string>
			</array>
			<key>isa</key>
			<string>PBXGroup</string>
			<key>name</key>
			<string>Supporting Files</string>
			<key>sourceTree</key>
			<string>&lt;group&gt;</string>
		</dict>
		<key>6D0184CF1AAB8258004045AB</key>
		<dict>
			<key>isa</key>
			<string>PBXFileReference</string>
			<key>lastKnownFileType</key>
			<string>text.plist.xml</string>
			<key>path</key>
			<string>Info.plist</string>
			<key>sourceTree</key>
			<string>&lt;group&gt;</string>
		</dict>
		<key>6D0184D01AAB8258004045AB</key>
		<dict>
			<key>isa</key>
			<string>PBXFileReference</string>
			<key>lastKnownFileType</key>
			<string>sourcecode.c.objc</string>
			<key>path</key>
			<string>main.m</string>
			<key>sourceTree</key>
			<string>&lt;group&gt;</string>
		</dict>
		<key>6D0184D11AAB8258004045AB</key>
		<dict>
			<key>fileRef</key>
			<string>6D0184D01AAB8258004045AB</string>
			<key>isa</key>
			<string>PBXBuildFile</string>
		</dict>
		<key>6D0184D21AAB8258004045AB</key>
		<dict>
			<key>children</key>
			<array>
				<string>6D0184D31AAB8258004045AB</string>
				<string>6D0184FE1AAB8258004045AB</string>
				<string>6D0185001AAB8258004045AB</string>
				<string>6D01850A1AAB8258004045AB</string>
			</array>
			<key>isa</key>
			<string>PBXGroup</string>
			<key>name</key>
			<string>Media</string>
			<key>sourceTree</key>
			<string>&lt;group&gt;</string>
		</dict>
		<key>6D0184D31AAB8258004045AB</key>
		<dict>
			<key>isa</key>
			<string>PBXFileReference</string>
			<key>lastKnownFileType</key>
			<string>folder.assetcatalog</string>
			<key>path</key>
			<string>Media.xcassets</string>
			<key>sourceTree</key>
			<string>&lt;group&gt;</string>
		</dict>
		<key>6D0184D41AAB8258004045AB</key>
		<dict>
			<key>fileRef</key>
			<string>6D0184D31AAB8258004045AB</string>
			<key>isa</key>
			<string>PBXBuildFile</string>
		</dict>
		<key>6D0184D51AAB8258004045AB</key>
		<dict>
			<key>children</key>
			<array>
				<string>6D0184D61AAB8258004045AB</string>
				<string>6D0184D71AAB8258004045AB</string>
				<string>6D0184D81AAB8258004045AB</string>
				<string>6D0184DA1AAB8258004045AB</string>
				<string>6D0184DB1AAB8258004045AB</string>
				<string>6D0184DC1AAB8258004045AB</string>
				<string>6D0184DD1AAB8258004045AB</string>
				<string>6D0184DE1AAB8258004045AB</string>
				<string>6D0184DF1AAB8258004045AB</string>
				<string>6D0184E01AAB8258004045AB</string>
				<string>6D0184E11AAB8258004045AB</string>
				<string>6D0184E21AAB8258004045AB</string>
				<string>6D0184E31AAB8258004045AB</string>
				<string>6D0184E41AAB8258004045AB</string>
				<string>6D0184E51AAB8258004045AB</string>
				<string>6D0184E61AAB8258004045AB</string>
				<string>6D0184E71AAB8258004045AB</string>
				<string>6D0184E81AAB8258004045AB</string>
				<string>6D0184E91AAB8258004045AB</string>
				<string>6D0184EA1AAB8258004045AB</string>
				<string>6D0184EB1AAB8258004045AB</string>
				<string>6D0184EC1AAB8258004045AB</string>
				<string>6D0184ED1AAB8258004045AB</string>
				<string>6D0184EE1AAB8258004045AB</string>
				<string>6D0184EF1AAB8258004045AB</string>
				<string>6D0184F01AAB8258004045AB</string>
				<string>6D0184F11AAB8258004045AB</string>
				<string>6D0184F21AAB8258004045AB</string>
				<string>6D0184F31AAB8258004045AB</string>
				<string>6D0184F41AAB8258004045AB</string>
				<string>6D0184F51AAB8258004045AB</string>
				<string>6D0184F61AAB8258004045AB</string>
				<string>6D0184F71AAB8258004045AB</string>
				<string>6D0184F81AAB8258004045AB</string>
				<string>6D0184F91AAB8258004045AB</string>
				<string>6D0184FA1AAB8258004045AB</string>
				<string>6D0184FB1AAB8258004045AB</string>
				<string>6D0185021AAB8258004045AB</string>
			</array>
			<key>isa</key>
			<string>PBXGroup</string>
			<key>name</key>
			<string>Framework</string>
			<key>sourceTree</key>
			<string>&lt;group&gt;</string>
		</dict>
		<key>6D0184D61AAB8258004045AB</key>
		<dict>
			<key>isa</key>
			<string>PBXFileReference</string>
			<key>lastKnownFileType</key>
			<string>sourcecode.c.h</string>
			<key>name</key>
			<string>C4.h</string>
			<key>path</key>
			<string>Headers/C4.h</string>
			<key>sourceTree</key>
			<string>&lt;group&gt;</string>
		</dict>
		<key>6D0184D71AAB8258004045AB</key>
		<dict>
			<key>isa</key>
			<string>PBXFileReference</string>
			<key>lastKnownFileType</key>
			<string>sourcecode.c.h</string>
			<key>name</key>
			<string>C4ActivityIndicator.h</string>
			<key>path</key>
			<string>Headers/C4ActivityIndicator.h</string>
			<key>sourceTree</key>
			<string>&lt;group&gt;</string>
		</dict>
		<key>6D0184D81AAB8258004045AB</key>
		<dict>
			<key>isa</key>
			<string>PBXFileReference</string>
			<key>lastKnownFileType</key>
			<string>sourcecode.c.h</string>
			<key>name</key>
			<string>C4AnimationHelper.h</string>
			<key>path</key>
			<string>Headers/C4AnimationHelper.h</string>
			<key>sourceTree</key>
			<string>&lt;group&gt;</string>
		</dict>
		<key>6D0184D91AAB8258004045AB</key>
		<dict>
			<key>isa</key>
			<string>PBXFileReference</string>
			<key>lastKnownFileType</key>
			<string>sourcecode.c.h</string>
			<key>name</key>
			<string>C4AppDelegate.h</string>
			<key>path</key>
			<string>Headers/C4AppDelegate.h</string>
			<key>sourceTree</key>
			<string>&lt;group&gt;</string>
		</dict>
		<key>6D0184DA1AAB8258004045AB</key>
		<dict>
			<key>isa</key>
			<string>PBXFileReference</string>
			<key>lastKnownFileType</key>
			<string>sourcecode.c.h</string>
			<key>name</key>
			<string>C4AssertionHandler.h</string>
			<key>path</key>
			<string>Headers/C4AssertionHandler.h</string>
			<key>sourceTree</key>
			<string>&lt;group&gt;</string>
		</dict>
		<key>6D0184DB1AAB8258004045AB</key>
		<dict>
			<key>isa</key>
			<string>PBXFileReference</string>
			<key>lastKnownFileType</key>
			<string>sourcecode.c.h</string>
			<key>name</key>
			<string>C4Button.h</string>
			<key>path</key>
			<string>Headers/C4Button.h</string>
			<key>sourceTree</key>
			<string>&lt;group&gt;</string>
		</dict>
		<key>6D0184DC1AAB8258004045AB</key>
		<dict>
			<key>isa</key>
			<string>PBXFileReference</string>
			<key>lastKnownFileType</key>
			<string>sourcecode.c.h</string>
			<key>name</key>
			<string>C4Camera.h</string>
			<key>path</key>
			<string>Headers/C4Camera.h</string>
			<key>sourceTree</key>
			<string>&lt;group&gt;</string>
		</dict>
		<key>6D0184DD1AAB8258004045AB</key>
		<dict>
			<key>isa</key>
			<string>PBXFileReference</string>
			<key>lastKnownFileType</key>
			<string>sourcecode.c.h</string>
			<key>name</key>
			<string>C4CanvasController.h</string>
			<key>path</key>
			<string>Headers/C4CanvasController.h</string>
			<key>sourceTree</key>
			<string>&lt;group&gt;</string>
		</dict>
		<key>6D0184DE1AAB8258004045AB</key>
		<dict>
			<key>isa</key>
			<string>PBXFileReference</string>
			<key>lastKnownFileType</key>
			<string>sourcecode.c.h</string>
			<key>name</key>
			<string>C4Control.h</string>
			<key>path</key>
			<string>Headers/C4Control.h</string>
			<key>sourceTree</key>
			<string>&lt;group&gt;</string>
		</dict>
		<key>6D0184DF1AAB8258004045AB</key>
		<dict>
			<key>isa</key>
			<string>PBXFileReference</string>
			<key>lastKnownFileType</key>
			<string>sourcecode.c.h</string>
			<key>name</key>
			<string>C4Defines.h</string>
			<key>path</key>
			<string>Headers/C4Defines.h</string>
			<key>sourceTree</key>
			<string>&lt;group&gt;</string>
		</dict>
		<key>6D0184E01AAB8258004045AB</key>
		<dict>
			<key>isa</key>
			<string>PBXFileReference</string>
			<key>lastKnownFileType</key>
			<string>sourcecode.c.h</string>
			<key>name</key>
			<string>C4EAGLESRenderer.h</string>
			<key>path</key>
			<string>Headers/C4EAGLESRenderer.h</string>
			<key>sourceTree</key>
			<string>&lt;group&gt;</string>
		</dict>
		<key>6D0184E11AAB8258004045AB</key>
		<dict>
			<key>isa</key>
			<string>PBXFileReference</string>
			<key>lastKnownFileType</key>
			<string>sourcecode.c.h</string>
			<key>name</key>
			<string>C4EAGLES1Renderer.h</string>
			<key>path</key>
			<string>Headers/C4EAGLES1Renderer.h</string>
			<key>sourceTree</key>
			<string>&lt;group&gt;</string>
		</dict>
		<key>6D0184E21AAB8258004045AB</key>
		<dict>
			<key>isa</key>
			<string>PBXFileReference</string>
			<key>lastKnownFileType</key>
			<string>sourcecode.c.h</string>
			<key>name</key>
			<string>C4Font.h</string>
			<key>path</key>
			<string>Headers/C4Font.h</string>
			<key>sourceTree</key>
			<string>&lt;group&gt;</string>
		</dict>
		<key>6D0184E31AAB8258004045AB</key>
		<dict>
			<key>isa</key>
			<string>PBXFileReference</string>
			<key>lastKnownFileType</key>
			<string>sourcecode.c.h</string>
			<key>name</key>
			<string>C4Foundation.h</string>
			<key>path</key>
			<string>Headers/C4Foundation.h</string>
			<key>sourceTree</key>
			<string>&lt;group&gt;</string>
		</dict>
		<key>6D0184E41AAB8258004045AB</key>
		<dict>
			<key>isa</key>
			<string>PBXFileReference</string>
			<key>lastKnownFileType</key>
			<string>sourcecode.c.h</string>
			<key>name</key>
			<string>C4GL.h</string>
			<key>path</key>
			<string>Headers/C4GL.h</string>
			<key>sourceTree</key>
			<string>&lt;group&gt;</string>
		</dict>
		<key>6D0184E51AAB8258004045AB</key>
		<dict>
			<key>isa</key>
			<string>PBXFileReference</string>
			<key>lastKnownFileType</key>
			<string>sourcecode.c.h</string>
			<key>name</key>
			<string>C4GL1Renderer.h</string>
			<key>path</key>
			<string>Headers/C4GL1Renderer.h</string>
			<key>sourceTree</key>
			<string>&lt;group&gt;</string>
		</dict>
		<key>6D0184E61AAB8258004045AB</key>
		<dict>
			<key>isa</key>
			<string>PBXFileReference</string>
			<key>lastKnownFileType</key>
			<string>sourcecode.c.h</string>
			<key>name</key>
			<string>C4Image.h</string>
			<key>path</key>
			<string>Headers/C4Image.h</string>
			<key>sourceTree</key>
			<string>&lt;group&gt;</string>
		</dict>
		<key>6D0184E71AAB8258004045AB</key>
		<dict>
			<key>isa</key>
			<string>PBXFileReference</string>
			<key>lastKnownFileType</key>
			<string>sourcecode.c.h</string>
			<key>name</key>
			<string>C4Label.h</string>
			<key>path</key>
			<string>Headers/C4Label.h</string>
			<key>sourceTree</key>
			<string>&lt;group&gt;</string>
		</dict>
		<key>6D0184E81AAB8258004045AB</key>
		<dict>
			<key>isa</key>
			<string>PBXFileReference</string>
			<key>lastKnownFileType</key>
			<string>sourcecode.c.h</string>
			<key>name</key>
			<string>C4Math.h</string>
			<key>path</key>
			<string>Headers/C4Math.h</string>
			<key>sourceTree</key>
			<string>&lt;group&gt;</string>
		</dict>
		<key>6D0184E91AAB8258004045AB</key>
		<dict>
			<key>isa</key>
			<string>PBXFileReference</string>
			<key>lastKnownFileType</key>
			<string>sourcecode.c.h</string>
			<key>name</key>
			<string>C4MethodDelay.h</string>
			<key>path</key>
			<string>Headers/C4MethodDelay.h</string>
			<key>sourceTree</key>
			<string>&lt;group&gt;</string>
		</dict>
		<key>6D0184EA1AAB8258004045AB</key>
		<dict>
			<key>isa</key>
			<string>PBXFileReference</string>
			<key>lastKnownFileType</key>
			<string>sourcecode.c.h</string>
			<key>name</key>
			<string>C4Movie.h</string>
			<key>path</key>
			<string>Headers/C4Movie.h</string>
			<key>sourceTree</key>
			<string>&lt;group&gt;</string>
		</dict>
		<key>6D0184EB1AAB8258004045AB</key>
		<dict>
			<key>isa</key>
			<string>PBXFileReference</string>
			<key>lastKnownFileType</key>
			<string>sourcecode.c.h</string>
			<key>name</key>
			<string>C4Notification.h</string>
			<key>path</key>
			<string>Headers/C4Notification.h</string>
			<key>sourceTree</key>
			<string>&lt;group&gt;</string>
		</dict>
		<key>6D0184EC1AAB8258004045AB</key>
		<dict>
			<key>isa</key>
			<string>PBXFileReference</string>
			<key>lastKnownFileType</key>
			<string>sourcecode.c.h</string>
			<key>name</key>
			<string>C4Object.h</string>
			<key>path</key>
			<string>Headers/C4Object.h</string>
			<key>sourceTree</key>
			<string>&lt;group&gt;</string>
		</dict>
		<key>6D0184ED1AAB8258004045AB</key>
		<dict>
			<key>isa</key>
			<string>PBXFileReference</string>
			<key>lastKnownFileType</key>
			<string>sourcecode.c.h</string>
			<key>name</key>
			<string>C4Sample.h</string>
			<key>path</key>
			<string>Headers/C4Sample.h</string>
			<key>sourceTree</key>
			<string>&lt;group&gt;</string>
		</dict>
		<key>6D0184EE1AAB8258004045AB</key>
		<dict>
			<key>isa</key>
			<string>PBXFileReference</string>
			<key>lastKnownFileType</key>
			<string>sourcecode.c.h</string>
			<key>name</key>
			<string>C4ScrollView.h</string>
			<key>path</key>
			<string>Headers/C4ScrollView.h</string>
			<key>sourceTree</key>
			<string>&lt;group&gt;</string>
		</dict>
		<key>6D0184EF1AAB8258004045AB</key>
		<dict>
			<key>isa</key>
			<string>PBXFileReference</string>
			<key>lastKnownFileType</key>
			<string>sourcecode.c.h</string>
			<key>name</key>
			<string>C4Shape.h</string>
			<key>path</key>
			<string>Headers/C4Shape.h</string>
			<key>sourceTree</key>
			<string>&lt;group&gt;</string>
		</dict>
		<key>6D0184F01AAB8258004045AB</key>
		<dict>
			<key>isa</key>
			<string>PBXFileReference</string>
			<key>lastKnownFileType</key>
			<string>sourcecode.c.h</string>
			<key>name</key>
			<string>C4Slider.h</string>
			<key>path</key>
			<string>Headers/C4Slider.h</string>
			<key>sourceTree</key>
			<string>&lt;group&gt;</string>
		</dict>
		<key>6D0184F11AAB8258004045AB</key>
		<dict>
			<key>isa</key>
			<string>PBXFileReference</string>
			<key>lastKnownFileType</key>
			<string>sourcecode.c.h</string>
			<key>name</key>
			<string>C4Stepper.h</string>
			<key>path</key>
			<string>Headers/C4Stepper.h</string>
			<key>sourceTree</key>
			<string>&lt;group&gt;</string>
		</dict>
		<key>6D0184F21AAB8258004045AB</key>
		<dict>
			<key>isa</key>
			<string>PBXFileReference</string>
			<key>lastKnownFileType</key>
			<string>sourcecode.c.h</string>
			<key>name</key>
			<string>C4Switch.h</string>
			<key>path</key>
			<string>Headers/C4Switch.h</string>
			<key>sourceTree</key>
			<string>&lt;group&gt;</string>
		</dict>
		<key>6D0184F31AAB8258004045AB</key>
		<dict>
			<key>isa</key>
			<string>PBXFileReference</string>
			<key>lastKnownFileType</key>
			<string>sourcecode.c.h</string>
			<key>name</key>
			<string>C4Template.h</string>
			<key>path</key>
			<string>Headers/C4Template.h</string>
			<key>sourceTree</key>
			<string>&lt;group&gt;</string>
		</dict>
		<key>6D0184F41AAB8258004045AB</key>
		<dict>
			<key>isa</key>
			<string>PBXFileReference</string>
			<key>lastKnownFileType</key>
			<string>sourcecode.c.h</string>
			<key>name</key>
			<string>C4Timer.h</string>
			<key>path</key>
			<string>Headers/C4Timer.h</string>
			<key>sourceTree</key>
			<string>&lt;group&gt;</string>
		</dict>
		<key>6D0184F51AAB8258004045AB</key>
		<dict>
			<key>isa</key>
			<string>PBXFileReference</string>
			<key>lastKnownFileType</key>
			<string>sourcecode.c.h</string>
			<key>name</key>
			<string>C4UIElement.h</string>
			<key>path</key>
			<string>Headers/C4UIElement.h</string>
			<key>sourceTree</key>
			<string>&lt;group&gt;</string>
		</dict>
		<key>6D0184F61AAB8258004045AB</key>
		<dict>
			<key>isa</key>
			<string>PBXFileReference</string>
			<key>lastKnownFileType</key>
			<string>sourcecode.c.h</string>
			<key>name</key>
			<string>C4UIGLControl.h</string>
			<key>path</key>
			<string>Headers/C4UIGLControl.h</string>
			<key>sourceTree</key>
			<string>&lt;group&gt;</string>
		</dict>
		<key>6D0184F71AAB8258004045AB</key>
		<dict>
			<key>isa</key>
			<string>PBXFileReference</string>
			<key>lastKnownFileType</key>
			<string>sourcecode.c.h</string>
			<key>name</key>
			<string>C4UIMovieControl.h</string>
			<key>path</key>
			<string>Headers/C4UIMovieControl.h</string>
			<key>sourceTree</key>
			<string>&lt;group&gt;</string>
		</dict>
		<key>6D0184F81AAB8258004045AB</key>
		<dict>
			<key>isa</key>
			<string>PBXFileReference</string>
			<key>lastKnownFileType</key>
			<string>sourcecode.c.h</string>
			<key>name</key>
			<string>C4UIShapeControl.h</string>
			<key>path</key>
			<string>Headers/C4UIShapeControl.h</string>
			<key>sourceTree</key>
			<string>&lt;group&gt;</string>
		</dict>
		<key>6D0184F91AAB8258004045AB</key>
		<dict>
			<key>isa</key>
			<string>PBXFileReference</string>
			<key>lastKnownFileType</key>
			<string>sourcecode.c.h</string>
			<key>name</key>
			<string>C4Vector.h</string>
			<key>path</key>
			<string>Headers/C4Vector.h</string>
			<key>sourceTree</key>
			<string>&lt;group&gt;</string>
		</dict>
		<key>6D0184FA1AAB8258004045AB</key>
		<dict>
			<key>isa</key>
			<string>PBXFileReference</string>
			<key>lastKnownFileType</key>
			<string>sourcecode.c.h</string>
			<key>name</key>
			<string>UIColor+CIColorFix.h</string>
			<key>path</key>
			<string>Headers/UIColor+CIColorFix.h</string>
			<key>sourceTree</key>
			<string>&lt;group&gt;</string>
		</dict>
		<key>6D0184FB1AAB8258004045AB</key>
		<dict>
			<key>isa</key>
			<string>PBXFileReference</string>
			<key>lastKnownFileType</key>
			<string>sourcecode.c.h</string>
			<key>name</key>
			<string>UIView+C4AddControl.h</string>
			<key>path</key>
			<string>Headers/UIView+C4AddControl.h</string>
			<key>sourceTree</key>
			<string>&lt;group&gt;</string>
		</dict>
		<key>6D0184FC1AAB8258004045AB</key>
		<dict>
			<key>isa</key>
			<string>PBXFileReference</string>
			<key>lastKnownFileType</key>
			<string>sourcecode.c.objc</string>
			<key>name</key>
			<string>C4AppDelegate.m</string>
			<key>path</key>
			<string>implementation/C4AppDelegate.m</string>
			<key>sourceTree</key>
			<string>&lt;group&gt;</string>
		</dict>
		<key>6D0184FD1AAB8258004045AB</key>
		<dict>
			<key>fileRef</key>
			<string>6D0184FC1AAB8258004045AB</string>
			<key>isa</key>
			<string>PBXBuildFile</string>
		</dict>
		<key>6D0184FE1AAB8258004045AB</key>
		<dict>
			<key>isa</key>
			<string>PBXFileReference</string>
			<key>lastKnownFileType</key>
			<string>file</string>
			<key>name</key>
			<string>C4Loop.aif</string>
			<key>path</key>
			<string>Media/C4Loop.aif</string>
			<key>sourceTree</key>
			<string>&lt;group&gt;</string>
		</dict>
		<key>6D0184FF1AAB8258004045AB</key>
		<dict>
			<key>fileRef</key>
			<string>6D0184FE1AAB8258004045AB</string>
			<key>isa</key>
			<string>PBXBuildFile</string>
		</dict>
		<key>6D0185001AAB8258004045AB</key>
		<dict>
			<key>isa</key>
			<string>PBXFileReference</string>
			<key>lastKnownFileType</key>
			<string>video.quicktime</string>
			<key>name</key>
			<string>inception.mov</string>
			<key>path</key>
			<string>Media/inception.mov</string>
			<key>sourceTree</key>
			<string>&lt;group&gt;</string>
		</dict>
		<key>6D0185011AAB8258004045AB</key>
		<dict>
			<key>fileRef</key>
			<string>6D0185001AAB8258004045AB</string>
			<key>isa</key>
			<string>PBXBuildFile</string>
		</dict>
		<key>6D0185021AAB8258004045AB</key>
		<dict>
			<key>isa</key>
			<string>PBXFileReference</string>
			<key>lastKnownFileType</key>
			<string>archive.ar</string>
			<key>path</key>
			<string>libC4.a</string>
			<key>sourceTree</key>
			<string>&lt;group&gt;</string>
		</dict>
		<key>6D0185031AAB8258004045AB</key>
		<dict>
			<key>fileRef</key>
			<string>6D0185021AAB8258004045AB</string>
			<key>isa</key>
			<string>PBXBuildFile</string>
		</dict>
		<key>6D0185041AAB8258004045AB</key>
		<dict>
			<key>isa</key>
			<string>PBXFileReference</string>
			<key>lastKnownFileType</key>
			<string>sourcecode.c.h</string>
			<key>path</key>
			<string>C4WorkSpace.h</string>
			<key>sourceTree</key>
			<string>&lt;group&gt;</string>
		</dict>
		<key>6D0185051AAB8258004045AB</key>
		<dict>
			<key>isa</key>
			<string>PBXFileReference</string>
			<key>lastKnownFileType</key>
			<string>sourcecode.c.objc</string>
			<key>path</key>
			<string>C4WorkSpace.m</string>
			<key>sourceTree</key>
			<string>&lt;group&gt;</string>
		</dict>
		<key>6D0185061AAB8258004045AB</key>
		<dict>
			<key>fileRef</key>
			<string>6D0185051AAB8258004045AB</string>
			<key>isa</key>
			<string>PBXBuildFile</string>
		</dict>
		<key>6D0185071AAB8258004045AB</key>
		<dict>
			<key>children</key>
			<array>
				<string>6D0185081AAB8258004045AB</string>
			</array>
			<key>isa</key>
			<string>PBXVariantGroup</string>
			<key>name</key>
			<string>Main.storyboard</string>
			<key>sourceTree</key>
			<string>&lt;group&gt;</string>
		</dict>
		<key>6D0185081AAB8258004045AB</key>
		<dict>
			<key>isa</key>
			<string>PBXFileReference</string>
			<key>lastKnownFileType</key>
			<string>file.storyboard</string>
			<key>name</key>
			<string>Base</string>
			<key>path</key>
			<string>Base.lproj/Main.storyboard</string>
			<key>sourceTree</key>
			<string>&lt;group&gt;</string>
		</dict>
		<key>6D0185091AAB8258004045AB</key>
		<dict>
			<key>fileRef</key>
			<string>6D0185071AAB8258004045AB</string>
			<key>isa</key>
			<string>PBXBuildFile</string>
		</dict>
		<key>6D01850A1AAB8258004045AB</key>
		<dict>
			<key>isa</key>
			<string>PBXFileReference</string>
			<key>lastKnownFileType</key>
			<string>folder.assetcatalog</string>
			<key>path</key>
			<string>Images.xcassets</string>
			<key>sourceTree</key>
			<string>&lt;group&gt;</string>
		</dict>
		<key>6D01850B1AAB8258004045AB</key>
		<dict>
			<key>fileRef</key>
			<string>6D01850A1AAB8258004045AB</string>
			<key>isa</key>
			<string>PBXBuildFile</string>
		</dict>
		<key>6D01850C1AAB8258004045AB</key>
		<dict>
			<key>isa</key>
			<string>PBXFileReference</string>
			<key>lastKnownFileType</key>
			<string>sourcecode.c.h</string>
			<key>path</key>
			<string>PowerBean-Prefix.pch</string>
			<key>sourceTree</key>
			<string>&lt;group&gt;</string>
		</dict>
		<key>6D01850D1AAB8258004045AB</key>
		<dict>
			<key>fileRef</key>
			<string>6D01850C1AAB8258004045AB</string>
			<key>isa</key>
			<string>PBXBuildFile</string>
		</dict>
		<key>6D01850E1AAB8258004045AB</key>
		<dict>
			<key>children</key>
			<array>
				<string>6D01850F1AAB8258004045AB</string>
			</array>
			<key>isa</key>
			<string>PBXVariantGroup</string>
			<key>name</key>
			<string>LaunchScreen.xib</string>
			<key>sourceTree</key>
			<string>&lt;group&gt;</string>
		</dict>
		<key>6D01850F1AAB8258004045AB</key>
		<dict>
			<key>isa</key>
			<string>PBXFileReference</string>
			<key>lastKnownFileType</key>
			<string>file.xib</string>
			<key>name</key>
			<string>Base</string>
			<key>path</key>
			<string>Base.lproj/LaunchScreen.xib</string>
			<key>sourceTree</key>
			<string>&lt;group&gt;</string>
		</dict>
		<key>6D0185101AAB8258004045AB</key>
		<dict>
			<key>fileRef</key>
			<string>6D01850E1AAB8258004045AB</string>
			<key>isa</key>
			<string>PBXBuildFile</string>
		</dict>
		<key>6D0185111AAB8258004045AB</key>
		<dict>
			<key>buildActionMask</key>
			<string>2147483647</string>
			<key>files</key>
			<array>
				<string>6D01851C1AAB8258004045AB</string>
			</array>
			<key>isa</key>
			<string>PBXSourcesBuildPhase</string>
			<key>runOnlyForDeploymentPostprocessing</key>
			<string>0</string>
		</dict>
		<key>6D0185121AAB8258004045AB</key>
		<dict>
			<key>buildActionMask</key>
			<string>2147483647</string>
			<key>files</key>
			<array/>
			<key>isa</key>
			<string>PBXFrameworksBuildPhase</string>
			<key>runOnlyForDeploymentPostprocessing</key>
			<string>0</string>
		</dict>
		<key>6D0185131AAB8258004045AB</key>
		<dict>
			<key>buildActionMask</key>
			<string>2147483647</string>
			<key>files</key>
			<array/>
			<key>isa</key>
			<string>PBXResourcesBuildPhase</string>
			<key>runOnlyForDeploymentPostprocessing</key>
			<string>0</string>
		</dict>
		<key>6D0185141AAB8258004045AB</key>
		<dict>
			<key>buildConfigurationList</key>
			<string>6D0185221AAB8258004045AB</string>
			<key>buildPhases</key>
			<array>
				<string>6D0185111AAB8258004045AB</string>
				<string>6D0185121AAB8258004045AB</string>
				<string>6D0185131AAB8258004045AB</string>
			</array>
			<key>buildRules</key>
			<array/>
			<key>dependencies</key>
			<array>
				<string>6D0185171AAB8258004045AB</string>
			</array>
			<key>isa</key>
			<string>PBXNativeTarget</string>
			<key>name</key>
			<string>PowerBeanTests</string>
			<key>productName</key>
			<string>PowerBeanTests</string>
			<key>productReference</key>
			<string>6D0185151AAB8258004045AB</string>
			<key>productType</key>
			<string>com.apple.product-type.bundle.unit-test</string>
		</dict>
		<key>6D0185151AAB8258004045AB</key>
		<dict>
			<key>explicitFileType</key>
			<string>wrapper.cfbundle</string>
			<key>includeInIndex</key>
			<string>0</string>
			<key>isa</key>
			<string>PBXFileReference</string>
			<key>path</key>
			<string>PowerBeanTests.xctest</string>
			<key>sourceTree</key>
			<string>BUILT_PRODUCTS_DIR</string>
		</dict>
		<key>6D0185161AAB8258004045AB</key>
		<dict>
			<key>containerPortal</key>
			<string>6D0184C31AAB8258004045AB</string>
			<key>isa</key>
			<string>PBXContainerItemProxy</string>
			<key>proxyType</key>
			<string>1</string>
			<key>remoteGlobalIDString</key>
			<string>6D0184CA1AAB8258004045AB</string>
			<key>remoteInfo</key>
			<string>PowerBean</string>
		</dict>
		<key>6D0185171AAB8258004045AB</key>
		<dict>
			<key>isa</key>
			<string>PBXTargetDependency</string>
			<key>target</key>
			<string>6D0184CA1AAB8258004045AB</string>
			<key>targetProxy</key>
			<string>6D0185161AAB8258004045AB</string>
		</dict>
		<key>6D0185181AAB8258004045AB</key>
		<dict>
			<key>children</key>
			<array>
				<string>6D01851B1AAB8258004045AB</string>
				<string>6D0185191AAB8258004045AB</string>
			</array>
			<key>isa</key>
			<string>PBXGroup</string>
			<key>path</key>
			<string>PowerBeanTests</string>
			<key>sourceTree</key>
			<string>&lt;group&gt;</string>
		</dict>
		<key>6D0185191AAB8258004045AB</key>
		<dict>
			<key>children</key>
			<array>
				<string>6D01851A1AAB8258004045AB</string>
			</array>
			<key>isa</key>
			<string>PBXGroup</string>
			<key>name</key>
			<string>Supporting Files</string>
			<key>sourceTree</key>
			<string>&lt;group&gt;</string>
		</dict>
		<key>6D01851A1AAB8258004045AB</key>
		<dict>
			<key>isa</key>
			<string>PBXFileReference</string>
			<key>lastKnownFileType</key>
			<string>text.plist.xml</string>
			<key>path</key>
			<string>Info.plist</string>
			<key>sourceTree</key>
			<string>&lt;group&gt;</string>
		</dict>
		<key>6D01851B1AAB8258004045AB</key>
		<dict>
			<key>isa</key>
			<string>PBXFileReference</string>
			<key>lastKnownFileType</key>
			<string>sourcecode.c.objc</string>
			<key>path</key>
			<string>PowerBeanTests.m</string>
			<key>sourceTree</key>
			<string>&lt;group&gt;</string>
		</dict>
		<key>6D01851C1AAB8258004045AB</key>
		<dict>
			<key>fileRef</key>
			<string>6D01851B1AAB8258004045AB</string>
			<key>isa</key>
			<string>PBXBuildFile</string>
		</dict>
		<key>6D01851D1AAB8258004045AB</key>
		<dict>
			<key>buildSettings</key>
			<dict>
				<key>ALWAYS_SEARCH_USER_PATHS</key>
				<string>NO</string>
				<key>CLANG_CXX_LANGUAGE_STANDARD</key>
				<string>gnu++0x</string>
				<key>CLANG_CXX_LIBRARY</key>
				<string>libc++</string>
				<key>CLANG_ENABLE_MODULES</key>
				<string>YES</string>
				<key>CLANG_ENABLE_OBJC_ARC</key>
				<string>YES</string>
				<key>CLANG_WARN_BOOL_CONVERSION</key>
				<string>YES</string>
				<key>CLANG_WARN_CONSTANT_CONVERSION</key>
				<string>YES</string>
				<key>CLANG_WARN_DIRECT_OBJC_ISA_USAGE</key>
				<string>YES_ERROR</string>
				<key>CLANG_WARN_EMPTY_BODY</key>
				<string>YES</string>
				<key>CLANG_WARN_ENUM_CONVERSION</key>
				<string>YES</string>
				<key>CLANG_WARN_INT_CONVERSION</key>
				<string>YES</string>
				<key>CLANG_WARN_OBJC_ROOT_CLASS</key>
				<string>YES_ERROR</string>
				<key>CLANG_WARN_UNREACHABLE_CODE</key>
				<string>YES</string>
				<key>CLANG_WARN__DUPLICATE_METHOD_MATCH</key>
				<string>YES</string>
				<key>CODE_SIGN_IDENTITY[sdk=iphoneos*]</key>
				<string>iPhone Developer</string>
				<key>COPY_PHASE_STRIP</key>
				<string>NO</string>
				<key>ENABLE_STRICT_OBJC_MSGSEND</key>
				<string>YES</string>
				<key>GCC_C_LANGUAGE_STANDARD</key>
				<string>gnu99</string>
				<key>GCC_DYNAMIC_NO_PIC</key>
				<string>NO</string>
				<key>GCC_OPTIMIZATION_LEVEL</key>
				<string>0</string>
				<key>GCC_PRECOMPILE_PREFIX_HEADER</key>
				<string>YES</string>
				<key>GCC_PREFIX_HEADER</key>
				<string>PowerBean/PowerBean-Prefix.pch</string>
				<key>GCC_PREPROCESSOR_DEFINITIONS</key>
				<array>
					<string>DEBUG=1</string>
					<string>$(inherited)</string>
				</array>
				<key>GCC_SYMBOLS_PRIVATE_EXTERN</key>
				<string>NO</string>
				<key>GCC_WARN_64_TO_32_BIT_CONVERSION</key>
				<string>YES</string>
				<key>GCC_WARN_ABOUT_RETURN_TYPE</key>
				<string>YES_ERROR</string>
				<key>GCC_WARN_UNDECLARED_SELECTOR</key>
				<string>YES</string>
				<key>GCC_WARN_UNINITIALIZED_AUTOS</key>
				<string>YES_AGGRESSIVE</string>
				<key>GCC_WARN_UNUSED_FUNCTION</key>
				<string>YES</string>
				<key>GCC_WARN_UNUSED_VARIABLE</key>
				<string>YES</string>
				<key>IPHONEOS_DEPLOYMENT_TARGET</key>
				<string>8.1</string>
				<key>MTL_ENABLE_DEBUG_INFO</key>
				<string>YES</string>
				<key>ONLY_ACTIVE_ARCH</key>
				<string>YES</string>
				<key>SDKROOT</key>
				<string>iphoneos</string>
				<key>TARGETED_DEVICE_FAMILY</key>
				<string>1,2</string>
			</dict>
			<key>isa</key>
			<string>XCBuildConfiguration</string>
			<key>name</key>
			<string>Debug</string>
		</dict>
		<key>6D01851E1AAB8258004045AB</key>
		<dict>
			<key>buildSettings</key>
			<dict>
				<key>ALWAYS_SEARCH_USER_PATHS</key>
				<string>NO</string>
				<key>CLANG_CXX_LANGUAGE_STANDARD</key>
				<string>gnu++0x</string>
				<key>CLANG_CXX_LIBRARY</key>
				<string>libc++</string>
				<key>CLANG_ENABLE_MODULES</key>
				<string>YES</string>
				<key>CLANG_ENABLE_OBJC_ARC</key>
				<string>YES</string>
				<key>CLANG_WARN_BOOL_CONVERSION</key>
				<string>YES</string>
				<key>CLANG_WARN_CONSTANT_CONVERSION</key>
				<string>YES</string>
				<key>CLANG_WARN_DIRECT_OBJC_ISA_USAGE</key>
				<string>YES_ERROR</string>
				<key>CLANG_WARN_EMPTY_BODY</key>
				<string>YES</string>
				<key>CLANG_WARN_ENUM_CONVERSION</key>
				<string>YES</string>
				<key>CLANG_WARN_INT_CONVERSION</key>
				<string>YES</string>
				<key>CLANG_WARN_OBJC_ROOT_CLASS</key>
				<string>YES_ERROR</string>
				<key>CLANG_WARN_UNREACHABLE_CODE</key>
				<string>YES</string>
				<key>CLANG_WARN__DUPLICATE_METHOD_MATCH</key>
				<string>YES</string>
				<key>CODE_SIGN_IDENTITY[sdk=iphoneos*]</key>
				<string>iPhone Developer</string>
				<key>COPY_PHASE_STRIP</key>
				<string>YES</string>
				<key>ENABLE_NS_ASSERTIONS</key>
				<string>NO</string>
				<key>ENABLE_STRICT_OBJC_MSGSEND</key>
				<string>YES</string>
				<key>GCC_C_LANGUAGE_STANDARD</key>
				<string>gnu99</string>
				<key>GCC_PRECOMPILE_PREFIX_HEADER</key>
				<string>YES</string>
				<key>GCC_PREFIX_HEADER</key>
				<string>PowerBean/PowerBean-Prefix.pch</string>
				<key>GCC_WARN_64_TO_32_BIT_CONVERSION</key>
				<string>YES</string>
				<key>GCC_WARN_ABOUT_RETURN_TYPE</key>
				<string>YES_ERROR</string>
				<key>GCC_WARN_UNDECLARED_SELECTOR</key>
				<string>YES</string>
				<key>GCC_WARN_UNINITIALIZED_AUTOS</key>
				<string>YES_AGGRESSIVE</string>
				<key>GCC_WARN_UNUSED_FUNCTION</key>
				<string>YES</string>
				<key>GCC_WARN_UNUSED_VARIABLE</key>
				<string>YES</string>
				<key>IPHONEOS_DEPLOYMENT_TARGET</key>
				<string>8.1</string>
				<key>MTL_ENABLE_DEBUG_INFO</key>
				<string>NO</string>
				<key>SDKROOT</key>
				<string>iphoneos</string>
				<key>TARGETED_DEVICE_FAMILY</key>
				<string>1,2</string>
				<key>VALIDATE_PRODUCT</key>
				<string>YES</string>
			</dict>
			<key>isa</key>
			<string>XCBuildConfiguration</string>
			<key>name</key>
			<string>Release</string>
		</dict>
		<key>6D01851F1AAB8258004045AB</key>
		<dict>
			<key>buildConfigurations</key>
			<array>
				<string>6D0185201AAB8258004045AB</string>
				<string>6D0185211AAB8258004045AB</string>
			</array>
			<key>defaultConfigurationIsVisible</key>
			<string>0</string>
			<key>isa</key>
			<string>XCConfigurationList</string>
		</dict>
		<key>6D0185201AAB8258004045AB</key>
		<dict>
			<key>baseConfigurationReference</key>
			<string>C9003015394FCC99FBC0077F</string>
			<key>buildSettings</key>
			<dict>
				<key>ASSETCATALOG_COMPILER_APPICON_NAME</key>
				<string>AppIcon</string>
				<key>INFOPLIST_FILE</key>
				<string>PowerBean/Info.plist</string>
				<key>LD_RUNPATH_SEARCH_PATHS</key>
				<string>$(inherited) @executable_path/Frameworks</string>
				<key>LIBRARY_SEARCH_PATHS</key>
				<array>
					<string>$(inherited)</string>
					<string>$(PROJECT_DIR)/PowerBean</string>
				</array>
				<key>PRODUCT_NAME</key>
				<string>$(TARGET_NAME)</string>
			</dict>
			<key>isa</key>
			<string>XCBuildConfiguration</string>
			<key>name</key>
			<string>Debug</string>
		</dict>
		<key>6D0185211AAB8258004045AB</key>
		<dict>
			<key>baseConfigurationReference</key>
			<string>5A7BF9F5B9F820FBBDCDEEE7</string>
			<key>buildSettings</key>
			<dict>
				<key>ASSETCATALOG_COMPILER_APPICON_NAME</key>
				<string>AppIcon</string>
				<key>INFOPLIST_FILE</key>
				<string>PowerBean/Info.plist</string>
				<key>LD_RUNPATH_SEARCH_PATHS</key>
				<string>$(inherited) @executable_path/Frameworks</string>
				<key>LIBRARY_SEARCH_PATHS</key>
				<array>
					<string>$(inherited)</string>
					<string>$(PROJECT_DIR)/PowerBean</string>
				</array>
				<key>PRODUCT_NAME</key>
				<string>$(TARGET_NAME)</string>
			</dict>
			<key>isa</key>
			<string>XCBuildConfiguration</string>
			<key>name</key>
			<string>Release</string>
		</dict>
		<key>6D0185221AAB8258004045AB</key>
		<dict>
			<key>buildConfigurations</key>
			<array>
				<string>6D0185231AAB8258004045AB</string>
				<string>6D0185241AAB8258004045AB</string>
			</array>
			<key>defaultConfigurationIsVisible</key>
			<string>0</string>
			<key>isa</key>
			<string>XCConfigurationList</string>
		</dict>
		<key>6D0185231AAB8258004045AB</key>
		<dict>
			<key>buildSettings</key>
			<dict>
				<key>BUNDLE_LOADER</key>
				<string>$(TEST_HOST)</string>
				<key>FRAMEWORK_SEARCH_PATHS</key>
				<array>
					<string>$(SDKROOT)/Developer/Library/Frameworks</string>
					<string>$(inherited)</string>
				</array>
				<key>GCC_PREPROCESSOR_DEFINITIONS</key>
				<array>
					<string>DEBUG=1</string>
					<string>$(inherited)</string>
				</array>
				<key>INFOPLIST_FILE</key>
				<string>PowerBeanTests/Info.plist</string>
				<key>LD_RUNPATH_SEARCH_PATHS</key>
				<string>$(inherited) @executable_path/Frameworks @loader_path/Frameworks</string>
				<key>PRODUCT_NAME</key>
				<string>$(TARGET_NAME)</string>
				<key>TEST_HOST</key>
				<string>$(BUILT_PRODUCTS_DIR)/PowerBean.app/PowerBean</string>
			</dict>
			<key>isa</key>
			<string>XCBuildConfiguration</string>
			<key>name</key>
			<string>Debug</string>
		</dict>
		<key>6D0185241AAB8258004045AB</key>
		<dict>
			<key>buildSettings</key>
			<dict>
				<key>BUNDLE_LOADER</key>
				<string>$(TEST_HOST)</string>
				<key>FRAMEWORK_SEARCH_PATHS</key>
				<array>
					<string>$(SDKROOT)/Developer/Library/Frameworks</string>
					<string>$(inherited)</string>
				</array>
				<key>INFOPLIST_FILE</key>
				<string>PowerBeanTests/Info.plist</string>
				<key>LD_RUNPATH_SEARCH_PATHS</key>
				<string>$(inherited) @executable_path/Frameworks @loader_path/Frameworks</string>
				<key>PRODUCT_NAME</key>
				<string>$(TARGET_NAME)</string>
				<key>TEST_HOST</key>
				<string>$(BUILT_PRODUCTS_DIR)/PowerBean.app/PowerBean</string>
			</dict>
			<key>isa</key>
			<string>XCBuildConfiguration</string>
			<key>name</key>
			<string>Release</string>
		</dict>
		<key>6D0185251AAB890D004045AB</key>
		<dict>
			<key>isa</key>
			<string>PBXFileReference</string>
			<key>lastKnownFileType</key>
			<string>image.png</string>
			<key>path</key>
			<string>lightblue.png</string>
			<key>sourceTree</key>
			<string>&lt;group&gt;</string>
		</dict>
		<key>6D0185261AAB890D004045AB</key>
		<dict>
			<key>fileRef</key>
			<string>6D0185251AAB890D004045AB</string>
			<key>isa</key>
			<string>PBXBuildFile</string>
		</dict>
		<key>77370BEA49887EEA26CF01A3</key>
		<dict>
			<key>fileRef</key>
			<string>4CDABC6611B6F6BBBCD2D6DB</string>
			<key>isa</key>
			<string>PBXBuildFile</string>
		</dict>
		<key>A0A0BC98EA3E21B21021E775</key>
		<dict>
			<key>children</key>
			<array>
				<string>4CDABC6611B6F6BBBCD2D6DB</string>
			</array>
			<key>isa</key>
			<string>PBXGroup</string>
			<key>name</key>
			<string>Frameworks</string>
			<key>sourceTree</key>
			<string>&lt;group&gt;</string>
		</dict>
		<key>C54FA18DA115A77F493CC2B5</key>
		<dict>
			<key>buildActionMask</key>
			<string>2147483647</string>
			<key>files</key>
			<array/>
			<key>inputPaths</key>
			<array/>
			<key>isa</key>
			<string>PBXShellScriptBuildPhase</string>
			<key>name</key>
			<string>Check Pods Manifest.lock</string>
			<key>outputPaths</key>
			<array/>
			<key>runOnlyForDeploymentPostprocessing</key>
			<string>0</string>
			<key>shellPath</key>
			<string>/bin/sh</string>
			<key>shellScript</key>
			<string>diff "${PODS_ROOT}/../Podfile.lock" "${PODS_ROOT}/Manifest.lock" &gt; /dev/null
if [[ $? != 0 ]] ; then
    cat &lt;&lt; EOM
error: The sandbox is not in sync with the Podfile.lock. Run 'pod install' or update your CocoaPods installation.
EOM
    exit 1
fi
</string>
			<key>showEnvVarsInLog</key>
			<string>0</string>
		</dict>
		<key>C9003015394FCC99FBC0077F</key>
		<dict>
			<key>includeInIndex</key>
			<string>1</string>
			<key>isa</key>
			<string>PBXFileReference</string>
			<key>lastKnownFileType</key>
			<string>text.xcconfig</string>
			<key>name</key>
			<string>Pods.debug.xcconfig</string>
			<key>path</key>
			<string>Pods/Target Support Files/Pods/Pods.debug.xcconfig</string>
			<key>sourceTree</key>
			<string>&lt;group&gt;</string>
		</dict>
		<key>D6E769C01121743B50035214</key>
		<dict>
			<key>children</key>
			<array>
				<string>C9003015394FCC99FBC0077F</string>
				<string>5A7BF9F5B9F820FBBDCDEEE7</string>
			</array>
			<key>isa</key>
			<string>PBXGroup</string>
			<key>name</key>
			<string>Pods</string>
			<key>sourceTree</key>
			<string>&lt;group&gt;</string>
		</dict>
	</dict>
	<key>rootObject</key>
	<string>6D0184C31AAB8258004045AB</string>
</dict>
</plist>
